# generated by rye
# use `rye lock` or `rye sync` to update this lockfile
#
# last locked with the following flags:
#   pre: false
#   features: []
#   all-features: false
#   with-sources: false
#   generate-hashes: false
#   universal: false

-e file:.
aiohappyeyeballs==2.4.4
    # via aiohttp
aiohttp==3.11.11
    # via langchain
    # via langchain-community
aiosignal==1.3.2
    # via aiohttp
annotated-types==0.7.0
    # via pydantic
anthropic==0.42.0
anyio==4.8.0
    # via anthropic
    # via httpx
    # via openai
async-timeout==4.0.3
    # via aiohttp
    # via langchain
attrs==24.3.0
    # via aiohttp
    # via glom
    # via jsonschema
    # via referencing
    # via semgrep
beautifulsoup4==4.12.3
    # via invariant
blis==1.2.0
    # via thinc
boltons==21.0.0
    # via face
    # via glom
    # via semgrep
bracex==2.5.post1
    # via wcmatch
catalogue==2.0.10
    # via spacy
    # via srsly
    # via thinc
certifi==2024.12.14
    # via httpcore
    # via httpx
    # via requests
cfgv==3.4.0
    # via pre-commit
charset-normalizer==3.4.1
    # via requests
click==8.1.8
    # via click-option-group
    # via nltk
    # via semgrep
    # via typer
click-option-group==0.5.6
    # via semgrep
cloudpathlib==0.20.0
    # via weasel
colorama==0.4.6
    # via semgrep
confection==0.1.5
    # via thinc
    # via weasel
coverage==7.6.10
    # via pytest-cov
cymem==2.0.10
    # via preshed
    # via spacy
    # via thinc
dataclasses-json==0.6.7
    # via langchain-community
defusedxml==0.7.1
    # via semgrep
deprecated==1.2.15
    # via opentelemetry-api
    # via opentelemetry-exporter-otlp-proto-http
diskcache==5.6.3
    # via invariant
distlib==0.3.9
    # via virtualenv
distro==1.9.0
    # via anthropic
    # via openai
docstring-parser==0.15
    # via instructor
exceptiongroup==1.2.2
    # via anyio
    # via pytest
    # via semgrep
face==24.0.0
    # via glom
filelock==3.16.1
    # via huggingface-hub
    # via tldextract
    # via torch
    # via transformers
    # via virtualenv
frozenlist==1.5.0
    # via aiohttp
    # via aiosignal
fsspec==2024.12.0
    # via huggingface-hub
    # via torch
glom==22.1.0
    # via semgrep
googleapis-common-protos==1.66.0
    # via opentelemetry-exporter-otlp-proto-http
h11==0.14.0
    # via httpcore
httpcore==1.0.7
    # via httpx
httpx==0.28.1
    # via anthropic
    # via langgraph-sdk
    # via langsmith
    # via openai
httpx-sse==0.4.0
    # via langchain-community
huggingface-hub==0.27.1
    # via tokenizers
    # via transformers
identify==2.6.5
    # via pre-commit
idna==3.10
    # via anyio
    # via httpx
    # via requests
    # via tldextract
    # via yarl
importlib-metadata==7.1.0
    # via opentelemetry-api
iniconfig==2.0.0
    # via pytest
instructor==0.4.0
    # via openai-swarm
invariant-sdk==0.0.4
    # via invariant
jinja2==3.1.5
    # via spacy
    # via torch
jiter==0.8.2
    # via anthropic
    # via openai
joblib==1.4.2
    # via nltk
jsonpatch==1.33
    # via langchain-core
jsonpointer==3.0.0
    # via jsonpatch
jsonschema==4.23.0
    # via semgrep
jsonschema-specifications==2024.10.1
    # via jsonschema
langchain==0.3.14
    # via langchain-community
langchain-community==0.3.14
langchain-core==0.3.29
    # via langchain
    # via langchain-community
    # via langchain-openai
    # via langchain-text-splitters
    # via langgraph
    # via langgraph-checkpoint
langchain-openai==0.3.0
langchain-text-splitters==0.3.5
    # via langchain
langchainhub==0.1.21
langcodes==3.5.0
    # via spacy
langgraph==0.2.62
langgraph-checkpoint==2.0.9
    # via langgraph
langgraph-sdk==0.1.51
    # via langgraph
langsmith==0.2.10
    # via langchain
    # via langchain-community
    # via langchain-core
language-data==1.3.0
    # via langcodes
lark==1.2.2
    # via invariant
marisa-trie==1.2.1
    # via language-data
markdown-it-py==3.0.0
    # via rich
markupsafe==3.0.2
    # via jinja2
marshmallow==3.25.1
    # via dataclasses-json
mdurl==0.1.2
    # via markdown-it-py
mpmath==1.3.0
    # via sympy
msgpack==1.1.0
    # via langgraph-checkpoint
multidict==6.1.0
    # via aiohttp
    # via yarl
murmurhash==1.0.11
    # via preshed
    # via spacy
    # via thinc
mypy-extensions==1.0.0
    # via typing-inspect
networkx==3.4.2
    # via torch
nltk==3.9.1
    # via invariant
nodeenv==1.9.1
    # via pre-commit
numpy==1.26.4
    # via blis
    # via langchain
    # via langchain-community
    # via openai-swarm
    # via spacy
    # via thinc
    # via transformers
openai==1.59.7
    # via instructor
    # via invariant
    # via langchain-openai
    # via openai-swarm
openai-swarm==0.1.1
opentelemetry-api==1.25.0
    # via opentelemetry-exporter-otlp-proto-http
    # via opentelemetry-instrumentation
    # via opentelemetry-instrumentation-requests
    # via opentelemetry-sdk
    # via opentelemetry-semantic-conventions
    # via semgrep
opentelemetry-exporter-otlp-proto-common==1.25.0
    # via opentelemetry-exporter-otlp-proto-http
opentelemetry-exporter-otlp-proto-http==1.25.0
    # via semgrep
opentelemetry-instrumentation==0.46b0
    # via opentelemetry-instrumentation-requests
opentelemetry-instrumentation-requests==0.46b0
    # via semgrep
opentelemetry-proto==1.25.0
    # via opentelemetry-exporter-otlp-proto-common
    # via opentelemetry-exporter-otlp-proto-http
opentelemetry-sdk==1.25.0
    # via opentelemetry-exporter-otlp-proto-http
    # via semgrep
opentelemetry-semantic-conventions==0.46b0
    # via opentelemetry-instrumentation-requests
    # via opentelemetry-sdk
opentelemetry-util-http==0.46b0
    # via opentelemetry-instrumentation-requests
orjson==3.10.14
    # via langgraph-sdk
    # via langsmith
packaging==24.2
    # via huggingface-hub
    # via langchain-core
    # via langchainhub
    # via marshmallow
    # via pytest
    # via semgrep
    # via spacy
    # via thinc
    # via transformers
    # via weasel
peewee==3.17.8
    # via semgrep
pexpect==4.9.0
    # via invariant
phonenumbers==8.13.52
    # via presidio-analyzer
pillow==11.1.0
    # via invariant
pip==24.3.1
    # via invariant
platformdirs==4.3.6
    # via virtualenv
pluggy==1.5.0
    # via pytest
pre-commit==4.0.1
    # via openai-swarm
preshed==3.0.9
    # via spacy
    # via thinc
presidio-analyzer==2.2.357
propcache==0.2.1
    # via aiohttp
    # via yarl
protobuf==4.25.5
    # via googleapis-common-protos
    # via opentelemetry-proto
ptyprocess==0.7.0
    # via pexpect
pydantic==2.10.5
    # via anthropic
    # via confection
    # via instructor
    # via invariant
    # via invariant-sdk
    # via langchain
    # via langchain-core
    # via langsmith
    # via openai
    # via pydantic-settings
    # via spacy
    # via thinc
    # via weasel
pydantic-core==2.27.2
    # via pydantic
pydantic-settings==2.7.1
    # via langchain-community
pygments==2.19.1
    # via rich
pytest==8.3.4
    # via invariant
    # via openai-swarm
    # via pytest-cov
pytest-cov==6.0.0
python-dotenv==1.0.1
    # via pydantic-settings
pyyaml==6.0.2
    # via huggingface-hub
    # via langchain
    # via langchain-community
    # via langchain-core
    # via pre-commit
    # via presidio-analyzer
    # via transformers
referencing==0.35.1
    # via jsonschema
    # via jsonschema-specifications
regex==2024.11.6
    # via nltk
    # via presidio-analyzer
    # via tiktoken
    # via transformers
requests==2.32.3
    # via huggingface-hub
    # via invariant
    # via invariant-sdk
    # via langchain
    # via langchain-community
    # via langchainhub
    # via langsmith
    # via openai-swarm
    # via opentelemetry-exporter-otlp-proto-http
    # via requests-file
    # via requests-toolbelt
    # via semgrep
    # via spacy
    # via tiktoken
    # via tldextract
    # via transformers
    # via weasel
requests-file==2.1.0
    # via tldextract
requests-toolbelt==1.0.0
    # via langsmith
rich==13.5.3
    # via semgrep
rpds-py==0.22.3
    # via jsonschema
    # via referencing
ruamel-yaml==0.18.10
    # via semgrep
ruamel-yaml-clib==0.2.12
    # via ruamel-yaml
safetensors==0.5.2
    # via transformers
semgrep==1.102.0
    # via invariant
setuptools==75.8.0
    # via marisa-trie
    # via opentelemetry-instrumentation
    # via spacy
    # via thinc
smart-open==7.1.0
    # via weasel
sniffio==1.3.1
    # via anthropic
    # via anyio
    # via openai
soupsieve==2.6
    # via beautifulsoup4
spacy==3.8.3
    # via presidio-analyzer
spacy-legacy==3.0.12
    # via spacy
spacy-loggers==1.0.5
    # via spacy
sqlalchemy==2.0.37
    # via langchain
    # via langchain-community
srsly==2.5.0
    # via confection
    # via spacy
    # via thinc
    # via weasel
sympy==1.13.1
    # via torch
tenacity==9.0.0
    # via langchain
    # via langchain-community
    # via langchain-core
termcolor==2.5.0
    # via invariant
thinc==8.3.4
    # via spacy
tiktoken==0.8.0
    # via langchain-openai
tldextract==5.1.3
    # via presidio-analyzer
tokenizers==0.21.0
    # via transformers
tomli==2.0.2
    # via coverage
    # via pytest
    # via semgrep
torch==2.5.1
tqdm==4.67.1
    # via huggingface-hub
    # via nltk
    # via openai
    # via openai-swarm
    # via spacy
    # via transformers
transformers==4.48.0
typer==0.9.4
    # via instructor
    # via spacy
    # via weasel
types-requests==2.32.0.20241016
    # via langchainhub
typing-extensions==4.12.2
    # via anthropic
    # via anyio
    # via cloudpathlib
    # via huggingface-hub
    # via langchain-core
    # via multidict
    # via openai
    # via opentelemetry-sdk
    # via pydantic
    # via pydantic-core
    # via semgrep
    # via sqlalchemy
    # via torch
    # via typer
    # via typing-inspect
typing-inspect==0.9.0
    # via dataclasses-json
urllib3==2.3.0
    # via requests
    # via semgrep
    # via types-requests
virtualenv==20.28.1
    # via pre-commit
wasabi==1.1.3
    # via spacy
    # via thinc
    # via weasel
wcmatch==8.5.2
    # via semgrep
weasel==0.4.1
    # via spacy
wrapt==1.17.1
    # via deprecated
    # via opentelemetry-instrumentation
    # via smart-open
yarl==1.18.3
    # via aiohttp
zipp==3.21.0
    # via importlib-metadata
