# generated by rye
# use `rye lock` or `rye sync` to update this lockfile
#
# last locked with the following flags:
#   pre: false
#   features: []
#   all-features: true
#   with-sources: false
#   generate-hashes: false

-e file:.
aiohttp==3.9.5
    # via langchain
aiosignal==1.3.1
    # via aiohttp
annotated-types==0.7.0
    # via pydantic
anyio==4.4.0
    # via httpx
    # via openai
attrs==23.2.0
    # via aiohttp
    # via glom
    # via jsonschema
    # via referencing
    # via semgrep
blis==0.7.11
    # via thinc
boltons==21.0.0
    # via face
    # via glom
    # via semgrep
bracex==2.4
    # via wcmatch
catalogue==2.0.10
    # via spacy
    # via srsly
    # via thinc
certifi==2024.6.2
    # via httpcore
    # via httpx
    # via requests
charset-normalizer==3.3.2
    # via requests
click==8.1.7
    # via click-option-group
    # via semgrep
    # via typer
click-option-group==0.5.6
    # via semgrep
cloudpathlib==0.18.1
    # via weasel
codeshield==1.0.1
    # via invariant
colorama==0.4.6
    # via semgrep
confection==0.1.5
    # via thinc
    # via weasel
cymem==2.0.8
    # via preshed
    # via spacy
    # via thinc
defusedxml==0.7.1
    # via semgrep
distro==1.9.0
    # via openai
exceptiongroup==1.2.1
    # via semgrep
face==22.0.0
    # via glom
filelock==3.14.0
    # via huggingface-hub
    # via tldextract
    # via torch
    # via transformers
frozenlist==1.4.1
    # via aiohttp
    # via aiosignal
fsspec==2024.6.0
    # via huggingface-hub
    # via torch
glom==22.1.0
    # via semgrep
h11==0.14.0
    # via httpcore
httpcore==1.0.5
    # via httpx
httpx==0.27.0
    # via openai
huggingface-hub==0.23.3
    # via tokenizers
    # via transformers
idna==3.7
    # via anyio
    # via httpx
    # via requests
    # via tldextract
    # via yarl
jinja2==3.1.4
    # via spacy
    # via torch
jsonpatch==1.33
    # via langchain-core
jsonpointer==2.4
    # via jsonpatch
jsonschema==4.22.0
    # via semgrep
jsonschema-specifications==2023.12.1
    # via jsonschema
langchain==0.2.3
    # via invariant
langchain-core==0.2.5
    # via langchain
    # via langchain-openai
    # via langchain-text-splitters
langchain-openai==0.1.8
    # via invariant
langchain-text-splitters==0.2.1
    # via langchain
langchainhub==0.1.18
    # via invariant
langcodes==3.4.0
    # via spacy
langsmith==0.1.75
    # via langchain
    # via langchain-core
language-data==1.2.0
    # via langcodes
lark==1.1.9
    # via invariant
marisa-trie==1.2.0
    # via language-data
markdown-it-py==3.0.0
    # via rich
markupsafe==2.1.5
    # via jinja2
mdurl==0.1.2
    # via markdown-it-py
mpmath==1.3.0
    # via sympy
multidict==6.0.5
    # via aiohttp
    # via yarl
murmurhash==1.0.10
    # via preshed
    # via spacy
    # via thinc
networkx==3.3
    # via torch
numpy==1.26.4
    # via blis
    # via langchain
    # via spacy
    # via thinc
    # via transformers
openai==1.33.0
    # via langchain-openai
orjson==3.10.3
    # via langsmith
packaging==23.2
    # via huggingface-hub
    # via langchain-core
    # via semgrep
    # via spacy
    # via thinc
    # via transformers
    # via weasel
peewee==3.17.5
    # via semgrep
phonenumbers==8.13.38
    # via presidio-analyzer
preshed==3.0.9
    # via spacy
    # via thinc
presidio-analyzer==2.2.354
    # via invariant
pydantic==2.7.3
    # via confection
    # via invariant
    # via langchain
    # via langchain-core
    # via langsmith
    # via openai
    # via spacy
    # via thinc
    # via weasel
pydantic-core==2.18.4
    # via pydantic
pygments==2.18.0
    # via rich
pyyaml==6.0.1
    # via codeshield
    # via huggingface-hub
    # via langchain
    # via langchain-core
    # via presidio-analyzer
    # via transformers
referencing==0.35.1
    # via jsonschema
    # via jsonschema-specifications
regex==2024.5.15
    # via presidio-analyzer
    # via tiktoken
    # via transformers
requests==2.32.3
    # via huggingface-hub
    # via langchain
    # via langchainhub
    # via langsmith
    # via requests-file
    # via semgrep
    # via spacy
    # via tiktoken
    # via tldextract
    # via transformers
    # via weasel
requests-file==2.1.0
    # via tldextract
rich==13.7.1
    # via semgrep
    # via typer
rpds-py==0.18.1
    # via jsonschema
    # via referencing
ruamel-yaml==0.17.40
    # via semgrep
ruamel-yaml-clib==0.2.8
    # via ruamel-yaml
safetensors==0.4.3
    # via transformers
semgrep==1.75.0
    # via codeshield
setuptools==70.0.0
    # via marisa-trie
    # via spacy
    # via thinc
shellingham==1.5.4
    # via typer
smart-open==7.0.4
    # via weasel
sniffio==1.3.1
    # via anyio
    # via httpx
    # via openai
spacy==3.7.5
    # via presidio-analyzer
spacy-legacy==3.0.12
    # via spacy
spacy-loggers==1.0.5
    # via spacy
sqlalchemy==2.0.30
    # via langchain
srsly==2.4.8
    # via confection
    # via spacy
    # via thinc
    # via weasel
sympy==1.12.1
    # via torch
tenacity==8.3.0
    # via langchain
    # via langchain-core
termcolor==2.4.0
    # via invariant
thinc==8.2.4
    # via spacy
tiktoken==0.7.0
    # via langchain-openai
tldextract==5.1.2
    # via presidio-analyzer
tokenizers==0.19.1
    # via transformers
tomli==2.0.1
    # via semgrep
torch==2.3.1
    # via invariant
tqdm==4.66.4
    # via huggingface-hub
    # via openai
    # via spacy
    # via transformers
transformers==4.41.2
    # via invariant
typer==0.12.3
    # via spacy
    # via weasel
types-requests==2.32.0.20240602
    # via langchainhub
typing-extensions==4.12.2
    # via huggingface-hub
    # via openai
    # via pydantic
    # via pydantic-core
    # via semgrep
    # via sqlalchemy
    # via torch
    # via typer
urllib3==2.2.1
    # via requests
    # via semgrep
    # via types-requests
wasabi==1.1.3
    # via spacy
    # via thinc
    # via weasel
wcmatch==8.5.2
    # via semgrep
weasel==0.4.1
    # via spacy
wrapt==1.16.0
    # via smart-open
yarl==1.9.4
    # via aiohttp
